
Microsoft Visual Studio Solution File, Format Version 12.00
# Visual Studio 15
VisualStudioVersion = 15.0.26730.16
MinimumVisualStudioVersion = 10.0.40219.1
Project("{9A19103F-16F7-4668-BE54-9A1E7A4F7556}") = "Silk.Data.SQL.ORM", "Silk.Data.SQL.ORM\Silk.Data.SQL.ORM.csproj", "{1160BE89-6006-4AEA-97B8-4CA1E7CB92CE}"
EndProject
Project("{FAE04EC0-301F-11D3-BF4B-00C04F79EFBC}") = "Silk.Data.SQL.ORM.Tests", "Silk.Data.SQL.ORM.Tests\Silk.Data.SQL.ORM.Tests.csproj", "{9F72E3C8-49C7-436B-A561-65164A7F2080}"
EndProject
Project("{9A19103F-16F7-4668-BE54-9A1E7A4F7556}") = "Silk.Data.SQL.Base", "..\Silk.Data.SQL.Base\Silk.Data.SQL.Base\Silk.Data.SQL.Base.csproj", "{E1AA9D75-989C-4BA5-99BB-446EEBC5E5BE}"
EndProject
Project("{9A19103F-16F7-4668-BE54-9A1E7A4F7556}") = "Silk.Data.Modelling", "..\Silk.Data.Modelling\Silk.Data.Modelling\Silk.Data.Modelling.csproj", "{FD81850B-29C2-4AC3-9890-63A77DED30FA}"
EndProject
Global
	GlobalSection(SolutionConfigurationPlatforms) = preSolution
		Debug|Any CPU = Debug|Any CPU
		Release|Any CPU = Release|Any CPU
	EndGlobalSection
	GlobalSection(ProjectConfigurationPlatforms) = postSolution
		{1160BE89-6006-4AEA-97B8-4CA1E7CB92CE}.Debug|Any CPU.ActiveCfg = Debug|Any CPU
		{1160BE89-6006-4AEA-97B8-4CA1E7CB92CE}.Debug|Any CPU.Build.0 = Debug|Any CPU
		{1160BE89-6006-4AEA-97B8-4CA1E7CB92CE}.Release|Any CPU.ActiveCfg = Release|Any CPU
		{1160BE89-6006-4AEA-97B8-4CA1E7CB92CE}.Release|Any CPU.Build.0 = Release|Any CPU
		{9F72E3C8-49C7-436B-A561-65164A7F2080}.Debug|Any CPU.ActiveCfg = Debug|Any CPU
		{9F72E3C8-49C7-436B-A561-65164A7F2080}.Debug|Any CPU.Build.0 = Debug|Any CPU
		{9F72E3C8-49C7-436B-A561-65164A7F2080}.Release|Any CPU.ActiveCfg = Release|Any CPU
		{9F72E3C8-49C7-436B-A561-65164A7F2080}.Release|Any CPU.Build.0 = Release|Any CPU
		{E1AA9D75-989C-4BA5-99BB-446EEBC5E5BE}.Debug|Any CPU.ActiveCfg = Debug|Any CPU
		{E1AA9D75-989C-4BA5-99BB-446EEBC5E5BE}.Debug|Any CPU.Build.0 = Debug|Any CPU
		{E1AA9D75-989C-4BA5-99BB-446EEBC5E5BE}.Release|Any CPU.ActiveCfg = Release|Any CPU
		{E1AA9D75-989C-4BA5-99BB-446EEBC5E5BE}.Release|Any CPU.Build.0 = Release|Any CPU
		{FD81850B-29C2-4AC3-9890-63A77DED30FA}.Debug|Any CPU.ActiveCfg = Debug|Any CPU
		{FD81850B-29C2-4AC3-9890-63A77DED30FA}.Debug|Any CPU.Build.0 = Debug|Any CPU
		{FD81850B-29C2-4AC3-9890-63A77DED30FA}.Release|Any CPU.ActiveCfg = Release|Any CPU
		{FD81850B-29C2-4AC3-9890-63A77DED30FA}.Release|Any CPU.Build.0 = Release|Any CPU
	EndGlobalSection
	GlobalSection(SolutionProperties) = preSolution
		HideSolutionNode = FALSE
	EndGlobalSection
	GlobalSection(ExtensibilityGlobals) = postSolution
		SolutionGuid = {39B868A9-0ADD-49E4-A8DE-ED36E9C8C6BB}
	EndGlobalSection
EndGlobal
